// !$*UTF8*$!
{
	archiveVersion = 1;
	classes = {
	};
	objectVersion = 56;
	objects = {

/* Begin PBXBuildFile section */
		2A6A03FE2C0F961A001BC675 /* SignButton.swift in Sources */ = {isa = PBXBuildFile; fileRef = 2A6A03FD2C0F961A001BC675 /* SignButton.swift */; };
		2A6A04002C0F9B68001BC675 /* GoogleService-Info.plist in Resources */ = {isa = PBXBuildFile; fileRef = 2A6A03FF2C0F9B68001BC675 /* GoogleService-Info.plist */; };
		2A6A04022C0F9BBB001BC675 /* FirebaseAnalytics in Frameworks */ = {isa = PBXBuildFile; productRef = 2A6A04012C0F9BBB001BC675 /* FirebaseAnalytics */; };
		2A6A04042C0F9BBB001BC675 /* FirebaseAnalyticsOnDeviceConversion in Frameworks */ = {isa = PBXBuildFile; productRef = 2A6A04032C0F9BBB001BC675 /* FirebaseAnalyticsOnDeviceConversion */; };
		2A6A04062C0F9BBB001BC675 /* FirebaseAnalyticsSwift in Frameworks */ = {isa = PBXBuildFile; productRef = 2A6A04052C0F9BBB001BC675 /* FirebaseAnalyticsSwift */; };
		2A6A04082C0F9BBB001BC675 /* FirebaseAnalyticsWithoutAdIdSupport in Frameworks */ = {isa = PBXBuildFile; productRef = 2A6A04072C0F9BBB001BC675 /* FirebaseAnalyticsWithoutAdIdSupport */; };
		2A6A040A2C0F9BBB001BC675 /* FirebaseAppCheck in Frameworks */ = {isa = PBXBuildFile; productRef = 2A6A04092C0F9BBB001BC675 /* FirebaseAppCheck */; };
		2A6A040C2C0F9BBB001BC675 /* FirebaseAppDistribution-Beta in Frameworks */ = {isa = PBXBuildFile; productRef = 2A6A040B2C0F9BBB001BC675 /* FirebaseAppDistribution-Beta */; };
		2A6A040E2C0F9BBB001BC675 /* FirebaseAuth in Frameworks */ = {isa = PBXBuildFile; productRef = 2A6A040D2C0F9BBB001BC675 /* FirebaseAuth */; };
		2A6A04102C0F9BBB001BC675 /* FirebaseAuthCombine-Community in Frameworks */ = {isa = PBXBuildFile; productRef = 2A6A040F2C0F9BBB001BC675 /* FirebaseAuthCombine-Community */; };
		2A6A04122C0F9BBB001BC675 /* FirebaseCrashlytics in Frameworks */ = {isa = PBXBuildFile; productRef = 2A6A04112C0F9BBB001BC675 /* FirebaseCrashlytics */; };
		2A6A04142C0F9BBB001BC675 /* FirebaseDatabase in Frameworks */ = {isa = PBXBuildFile; productRef = 2A6A04132C0F9BBB001BC675 /* FirebaseDatabase */; };
		2A6A04162C0F9BBB001BC675 /* FirebaseDatabaseSwift in Frameworks */ = {isa = PBXBuildFile; productRef = 2A6A04152C0F9BBB001BC675 /* FirebaseDatabaseSwift */; };
		2A6A04182C0F9BBB001BC675 /* FirebaseDynamicLinks in Frameworks */ = {isa = PBXBuildFile; productRef = 2A6A04172C0F9BBB001BC675 /* FirebaseDynamicLinks */; };
		2A6A041A2C0F9BBB001BC675 /* FirebaseFirestore in Frameworks */ = {isa = PBXBuildFile; productRef = 2A6A04192C0F9BBB001BC675 /* FirebaseFirestore */; };
		2A6A041C2C0F9BBB001BC675 /* FirebaseFirestoreCombine-Community in Frameworks */ = {isa = PBXBuildFile; productRef = 2A6A041B2C0F9BBB001BC675 /* FirebaseFirestoreCombine-Community */; };
		2A6A041E2C0F9BBB001BC675 /* FirebaseFirestoreSwift in Frameworks */ = {isa = PBXBuildFile; productRef = 2A6A041D2C0F9BBB001BC675 /* FirebaseFirestoreSwift */; };
		2A6A04202C0F9BBB001BC675 /* FirebaseFunctions in Frameworks */ = {isa = PBXBuildFile; productRef = 2A6A041F2C0F9BBB001BC675 /* FirebaseFunctions */; };
		2A6A04222C0F9BBB001BC675 /* FirebaseFunctionsCombine-Community in Frameworks */ = {isa = PBXBuildFile; productRef = 2A6A04212C0F9BBB001BC675 /* FirebaseFunctionsCombine-Community */; };
		2A6A04242C0F9BBB001BC675 /* FirebaseInAppMessaging-Beta in Frameworks */ = {isa = PBXBuildFile; productRef = 2A6A04232C0F9BBB001BC675 /* FirebaseInAppMessaging-Beta */; };
		2A6A04262C0F9BBB001BC675 /* FirebaseInAppMessagingSwift-Beta in Frameworks */ = {isa = PBXBuildFile; productRef = 2A6A04252C0F9BBB001BC675 /* FirebaseInAppMessagingSwift-Beta */; };
		2A6A04282C0F9BBB001BC675 /* FirebaseInstallations in Frameworks */ = {isa = PBXBuildFile; productRef = 2A6A04272C0F9BBB001BC675 /* FirebaseInstallations */; };
		2A6A042A2C0F9BBB001BC675 /* FirebaseMLModelDownloader in Frameworks */ = {isa = PBXBuildFile; productRef = 2A6A04292C0F9BBB001BC675 /* FirebaseMLModelDownloader */; };
		2A6A042C2C0F9BBB001BC675 /* FirebaseMessaging in Frameworks */ = {isa = PBXBuildFile; productRef = 2A6A042B2C0F9BBB001BC675 /* FirebaseMessaging */; };
		2A6A042E2C0F9BBB001BC675 /* FirebasePerformance in Frameworks */ = {isa = PBXBuildFile; productRef = 2A6A042D2C0F9BBB001BC675 /* FirebasePerformance */; };
		2A6A04302C0F9BBB001BC675 /* FirebaseRemoteConfig in Frameworks */ = {isa = PBXBuildFile; productRef = 2A6A042F2C0F9BBB001BC675 /* FirebaseRemoteConfig */; };
		2A6A04322C0F9BBB001BC675 /* FirebaseRemoteConfigSwift in Frameworks */ = {isa = PBXBuildFile; productRef = 2A6A04312C0F9BBB001BC675 /* FirebaseRemoteConfigSwift */; };
		2A6A04342C0F9BBB001BC675 /* FirebaseStorage in Frameworks */ = {isa = PBXBuildFile; productRef = 2A6A04332C0F9BBB001BC675 /* FirebaseStorage */; };
		2A6A04362C0F9BBB001BC675 /* FirebaseStorageCombine-Community in Frameworks */ = {isa = PBXBuildFile; productRef = 2A6A04352C0F9BBB001BC675 /* FirebaseStorageCombine-Community */; };
		2A6A04382C0F9BBB001BC675 /* FirebaseVertexAI-Preview in Frameworks */ = {isa = PBXBuildFile; productRef = 2A6A04372C0F9BBB001BC675 /* FirebaseVertexAI-Preview */; };
		2AB25AC42C0E550600DAEDC7 /* NavigationRouter.swift in Sources */ = {isa = PBXBuildFile; fileRef = 2AB25AC32C0E550600DAEDC7 /* NavigationRouter.swift */; };
		2AB25AC62C0E5C1300DAEDC7 /* FirebaseAnalytics in Frameworks */ = {isa = PBXBuildFile; productRef = 2AB25AC52C0E5C1300DAEDC7 /* FirebaseAnalytics */; };
		2AB25AC82C0E5C1300DAEDC7 /* FirebaseAnalyticsOnDeviceConversion in Frameworks */ = {isa = PBXBuildFile; productRef = 2AB25AC72C0E5C1300DAEDC7 /* FirebaseAnalyticsOnDeviceConversion */; };
		2AB25ACA2C0E5C1300DAEDC7 /* FirebaseAnalyticsSwift in Frameworks */ = {isa = PBXBuildFile; productRef = 2AB25AC92C0E5C1300DAEDC7 /* FirebaseAnalyticsSwift */; };
		2AB25ACC2C0E5C1300DAEDC7 /* FirebaseAnalyticsWithoutAdIdSupport in Frameworks */ = {isa = PBXBuildFile; productRef = 2AB25ACB2C0E5C1300DAEDC7 /* FirebaseAnalyticsWithoutAdIdSupport */; };
		2AB25ACE2C0E5C1300DAEDC7 /* FirebaseAuth in Frameworks */ = {isa = PBXBuildFile; productRef = 2AB25ACD2C0E5C1300DAEDC7 /* FirebaseAuth */; };
		2AB25AD02C0E5C1300DAEDC7 /* FirebaseAuthCombine-Community in Frameworks */ = {isa = PBXBuildFile; productRef = 2AB25ACF2C0E5C1300DAEDC7 /* FirebaseAuthCombine-Community */; };
		2AFD1D132C0D056F00C5EAC8 /* demoHeadlineApp.swift in Sources */ = {isa = PBXBuildFile; fileRef = 2AFD1D122C0D056F00C5EAC8 /* demoHeadlineApp.swift */; };
		2AFD1D172C0D057100C5EAC8 /* Assets.xcassets in Resources */ = {isa = PBXBuildFile; fileRef = 2AFD1D162C0D057100C5EAC8 /* Assets.xcassets */; };
		2AFD1D1A2C0D057100C5EAC8 /* Preview Assets.xcassets in Resources */ = {isa = PBXBuildFile; fileRef = 2AFD1D192C0D057100C5EAC8 /* Preview Assets.xcassets */; };
		2AFD1D242C0D065300C5EAC8 /* FirebaseAnalytics in Frameworks */ = {isa = PBXBuildFile; productRef = 2AFD1D232C0D065300C5EAC8 /* FirebaseAnalytics */; };
		2AFD1D262C0D065300C5EAC8 /* FirebaseAnalyticsOnDeviceConversion in Frameworks */ = {isa = PBXBuildFile; productRef = 2AFD1D252C0D065300C5EAC8 /* FirebaseAnalyticsOnDeviceConversion */; };
		2AFD1D282C0D065300C5EAC8 /* FirebaseAnalyticsSwift in Frameworks */ = {isa = PBXBuildFile; productRef = 2AFD1D272C0D065300C5EAC8 /* FirebaseAnalyticsSwift */; };
		2AFD1D2A2C0D065300C5EAC8 /* FirebaseAnalyticsWithoutAdIdSupport in Frameworks */ = {isa = PBXBuildFile; productRef = 2AFD1D292C0D065300C5EAC8 /* FirebaseAnalyticsWithoutAdIdSupport */; };
		2AFD1D2E2C0D065300C5EAC8 /* FirebaseAppDistribution-Beta in Frameworks */ = {isa = PBXBuildFile; productRef = 2AFD1D2D2C0D065300C5EAC8 /* FirebaseAppDistribution-Beta */; };
		2AFD1D302C0D065300C5EAC8 /* FirebaseAuth in Frameworks */ = {isa = PBXBuildFile; productRef = 2AFD1D2F2C0D065300C5EAC8 /* FirebaseAuth */; };
		2AFD1D322C0D065300C5EAC8 /* FirebaseAuthCombine-Community in Frameworks */ = {isa = PBXBuildFile; productRef = 2AFD1D312C0D065300C5EAC8 /* FirebaseAuthCombine-Community */; };
		2AFD1D342C0D065300C5EAC8 /* FirebaseCrashlytics in Frameworks */ = {isa = PBXBuildFile; productRef = 2AFD1D332C0D065300C5EAC8 /* FirebaseCrashlytics */; };
		2AFD1D362C0D065300C5EAC8 /* FirebaseDatabase in Frameworks */ = {isa = PBXBuildFile; productRef = 2AFD1D352C0D065300C5EAC8 /* FirebaseDatabase */; };
		2AFD1D382C0D065300C5EAC8 /* FirebaseDatabaseSwift in Frameworks */ = {isa = PBXBuildFile; productRef = 2AFD1D372C0D065300C5EAC8 /* FirebaseDatabaseSwift */; };
		2AFD1D3A2C0D065300C5EAC8 /* FirebaseDynamicLinks in Frameworks */ = {isa = PBXBuildFile; productRef = 2AFD1D392C0D065300C5EAC8 /* FirebaseDynamicLinks */; };
		2AFD1D3C2C0D065300C5EAC8 /* FirebaseFirestore in Frameworks */ = {isa = PBXBuildFile; productRef = 2AFD1D3B2C0D065300C5EAC8 /* FirebaseFirestore */; };
		2AFD1D3E2C0D065300C5EAC8 /* FirebaseFirestoreCombine-Community in Frameworks */ = {isa = PBXBuildFile; productRef = 2AFD1D3D2C0D065300C5EAC8 /* FirebaseFirestoreCombine-Community */; };
		2AFD1D402C0D065300C5EAC8 /* FirebaseFirestoreSwift in Frameworks */ = {isa = PBXBuildFile; productRef = 2AFD1D3F2C0D065300C5EAC8 /* FirebaseFirestoreSwift */; };
		2AFD1D422C0D065300C5EAC8 /* FirebaseFunctions in Frameworks */ = {isa = PBXBuildFile; productRef = 2AFD1D412C0D065300C5EAC8 /* FirebaseFunctions */; };
		2AFD1D442C0D065300C5EAC8 /* FirebaseFunctionsCombine-Community in Frameworks */ = {isa = PBXBuildFile; productRef = 2AFD1D432C0D065300C5EAC8 /* FirebaseFunctionsCombine-Community */; };
		2AFD1D462C0D065300C5EAC8 /* FirebaseInAppMessaging-Beta in Frameworks */ = {isa = PBXBuildFile; productRef = 2AFD1D452C0D065300C5EAC8 /* FirebaseInAppMessaging-Beta */; };
		2AFD1D482C0D065300C5EAC8 /* FirebaseInAppMessagingSwift-Beta in Frameworks */ = {isa = PBXBuildFile; productRef = 2AFD1D472C0D065300C5EAC8 /* FirebaseInAppMessagingSwift-Beta */; };
		2AFD1D4A2C0D065300C5EAC8 /* FirebaseInstallations in Frameworks */ = {isa = PBXBuildFile; productRef = 2AFD1D492C0D065300C5EAC8 /* FirebaseInstallations */; };
		2AFD1D4C2C0D065300C5EAC8 /* FirebaseMLModelDownloader in Frameworks */ = {isa = PBXBuildFile; productRef = 2AFD1D4B2C0D065300C5EAC8 /* FirebaseMLModelDownloader */; };
		2AFD1D4E2C0D065300C5EAC8 /* FirebaseMessaging in Frameworks */ = {isa = PBXBuildFile; productRef = 2AFD1D4D2C0D065300C5EAC8 /* FirebaseMessaging */; };
		2AFD1D502C0D065300C5EAC8 /* FirebasePerformance in Frameworks */ = {isa = PBXBuildFile; productRef = 2AFD1D4F2C0D065300C5EAC8 /* FirebasePerformance */; };
		2AFD1D522C0D065300C5EAC8 /* FirebaseRemoteConfig in Frameworks */ = {isa = PBXBuildFile; productRef = 2AFD1D512C0D065300C5EAC8 /* FirebaseRemoteConfig */; };
		2AFD1D542C0D065300C5EAC8 /* FirebaseRemoteConfigSwift in Frameworks */ = {isa = PBXBuildFile; productRef = 2AFD1D532C0D065300C5EAC8 /* FirebaseRemoteConfigSwift */; };
		2AFD1D562C0D065300C5EAC8 /* FirebaseStorage in Frameworks */ = {isa = PBXBuildFile; productRef = 2AFD1D552C0D065300C5EAC8 /* FirebaseStorage */; };
		2AFD1D582C0D065300C5EAC8 /* FirebaseStorageCombine-Community in Frameworks */ = {isa = PBXBuildFile; productRef = 2AFD1D572C0D065300C5EAC8 /* FirebaseStorageCombine-Community */; };
		2AFD1D5A2C0D065300C5EAC8 /* FirebaseVertexAI-Preview in Frameworks */ = {isa = PBXBuildFile; productRef = 2AFD1D592C0D065300C5EAC8 /* FirebaseVertexAI-Preview */; };
		2AFD1D5C2C0D06EB00C5EAC8 /* HomeScreen.swift in Sources */ = {isa = PBXBuildFile; fileRef = 2AFD1D5B2C0D06EB00C5EAC8 /* HomeScreen.swift */; };
		2AFD1D5E2C0D070C00C5EAC8 /* PrivacyScreen.swift in Sources */ = {isa = PBXBuildFile; fileRef = 2AFD1D5D2C0D070C00C5EAC8 /* PrivacyScreen.swift */; };
		2AFD1D602C0D072E00C5EAC8 /* ForgotPasswordScreen.swift in Sources */ = {isa = PBXBuildFile; fileRef = 2AFD1D5F2C0D072E00C5EAC8 /* ForgotPasswordScreen.swift */; };
		2AFD1D622C0D074C00C5EAC8 /* SplashScreen.swift in Sources */ = {isa = PBXBuildFile; fileRef = 2AFD1D612C0D074C00C5EAC8 /* SplashScreen.swift */; };
		2AFD1D642C0D076800C5EAC8 /* SignInScreen.swift in Sources */ = {isa = PBXBuildFile; fileRef = 2AFD1D632C0D076800C5EAC8 /* SignInScreen.swift */; };
		2AFD1D662C0D078600C5EAC8 /* SignUpScreen.swift in Sources */ = {isa = PBXBuildFile; fileRef = 2AFD1D652C0D078600C5EAC8 /* SignUpScreen.swift */; };
		2AFD1D682C0D0A4700C5EAC8 /* AuthVM.swift in Sources */ = {isa = PBXBuildFile; fileRef = 2AFD1D672C0D0A4700C5EAC8 /* AuthVM.swift */; };
/* End PBXBuildFile section */

/* Begin PBXFileReference section */
		2A6A03FD2C0F961A001BC675 /* SignButton.swift */ = {isa = PBXFileReference; lastKnownFileType = sourcecode.swift; path = SignButton.swift; sourceTree = "<group>"; };
		2A6A03FF2C0F9B68001BC675 /* GoogleService-Info.plist */ = {isa = PBXFileReference; fileEncoding = 4; lastKnownFileType = text.plist.xml; path = "GoogleService-Info.plist"; sourceTree = "<group>"; };
		2AB25AC32C0E550600DAEDC7 /* NavigationRouter.swift */ = {isa = PBXFileReference; lastKnownFileType = sourcecode.swift; path = NavigationRouter.swift; sourceTree = "<group>"; };
		2AFD1D0F2C0D056F00C5EAC8 /* demoHeadline.app */ = {isa = PBXFileReference; explicitFileType = wrapper.application; includeInIndex = 0; path = demoHeadline.app; sourceTree = BUILT_PRODUCTS_DIR; };
		2AFD1D122C0D056F00C5EAC8 /* demoHeadlineApp.swift */ = {isa = PBXFileReference; lastKnownFileType = sourcecode.swift; path = demoHeadlineApp.swift; sourceTree = "<group>"; };
		2AFD1D162C0D057100C5EAC8 /* Assets.xcassets */ = {isa = PBXFileReference; lastKnownFileType = folder.assetcatalog; path = Assets.xcassets; sourceTree = "<group>"; };
		2AFD1D192C0D057100C5EAC8 /* Preview Assets.xcassets */ = {isa = PBXFileReference; lastKnownFileType = folder.assetcatalog; path = "Preview Assets.xcassets"; sourceTree = "<group>"; };
		2AFD1D5B2C0D06EB00C5EAC8 /* HomeScreen.swift */ = {isa = PBXFileReference; lastKnownFileType = sourcecode.swift; path = HomeScreen.swift; sourceTree = "<group>"; };
		2AFD1D5D2C0D070C00C5EAC8 /* PrivacyScreen.swift */ = {isa = PBXFileReference; lastKnownFileType = sourcecode.swift; path = PrivacyScreen.swift; sourceTree = "<group>"; };
		2AFD1D5F2C0D072E00C5EAC8 /* ForgotPasswordScreen.swift */ = {isa = PBXFileReference; lastKnownFileType = sourcecode.swift; path = ForgotPasswordScreen.swift; sourceTree = "<group>"; };
		2AFD1D612C0D074C00C5EAC8 /* SplashScreen.swift */ = {isa = PBXFileReference; lastKnownFileType = sourcecode.swift; path = SplashScreen.swift; sourceTree = "<group>"; };
		2AFD1D632C0D076800C5EAC8 /* SignInScreen.swift */ = {isa = PBXFileReference; lastKnownFileType = sourcecode.swift; path = SignInScreen.swift; sourceTree = "<group>"; };
		2AFD1D652C0D078600C5EAC8 /* SignUpScreen.swift */ = {isa = PBXFileReference; lastKnownFileType = sourcecode.swift; path = SignUpScreen.swift; sourceTree = "<group>"; };
		2AFD1D672C0D0A4700C5EAC8 /* AuthVM.swift */ = {isa = PBXFileReference; lastKnownFileType = sourcecode.swift; path = AuthVM.swift; sourceTree = "<group>"; };
/* End PBXFileReference section */

/* Begin PBXFrameworksBuildPhase section */
		2AFD1D0C2C0D056F00C5EAC8 /* Frameworks */ = {
			isa = PBXFrameworksBuildPhase;
			buildActionMask = 2147483647;
			files = (
				2A6A040A2C0F9BBB001BC675 /* FirebaseAppCheck in Frameworks */,
				2A6A04062C0F9BBB001BC675 /* FirebaseAnalyticsSwift in Frameworks */,
				2AFD1D362C0D065300C5EAC8 /* FirebaseDatabase in Frameworks */,
				2A6A04122C0F9BBB001BC675 /* FirebaseCrashlytics in Frameworks */,
				2AFD1D442C0D065300C5EAC8 /* FirebaseFunctionsCombine-Community in Frameworks */,
				2A6A04242C0F9BBB001BC675 /* FirebaseInAppMessaging-Beta in Frameworks */,
				2AFD1D3C2C0D065300C5EAC8 /* FirebaseFirestore in Frameworks */,
				2AB25AD02C0E5C1300DAEDC7 /* FirebaseAuthCombine-Community in Frameworks */,
				2AFD1D282C0D065300C5EAC8 /* FirebaseAnalyticsSwift in Frameworks */,
				2A6A04162C0F9BBB001BC675 /* FirebaseDatabaseSwift in Frameworks */,
				2AFD1D242C0D065300C5EAC8 /* FirebaseAnalytics in Frameworks */,
				2A6A04022C0F9BBB001BC675 /* FirebaseAnalytics in Frameworks */,
				2A6A04142C0F9BBB001BC675 /* FirebaseDatabase in Frameworks */,
				2AFD1D262C0D065300C5EAC8 /* FirebaseAnalyticsOnDeviceConversion in Frameworks */,
				2A6A042E2C0F9BBB001BC675 /* FirebasePerformance in Frameworks */,
				2A6A04222C0F9BBB001BC675 /* FirebaseFunctionsCombine-Community in Frameworks */,
				2AB25ACA2C0E5C1300DAEDC7 /* FirebaseAnalyticsSwift in Frameworks */,
				2A6A04182C0F9BBB001BC675 /* FirebaseDynamicLinks in Frameworks */,
				2A6A04202C0F9BBB001BC675 /* FirebaseFunctions in Frameworks */,
				2A6A04282C0F9BBB001BC675 /* FirebaseInstallations in Frameworks */,
				2A6A041A2C0F9BBB001BC675 /* FirebaseFirestore in Frameworks */,
				2AB25ACE2C0E5C1300DAEDC7 /* FirebaseAuth in Frameworks */,
				2A6A04362C0F9BBB001BC675 /* FirebaseStorageCombine-Community in Frameworks */,
				2A6A04102C0F9BBB001BC675 /* FirebaseAuthCombine-Community in Frameworks */,
				2A6A04342C0F9BBB001BC675 /* FirebaseStorage in Frameworks */,
				2AB25ACC2C0E5C1300DAEDC7 /* FirebaseAnalyticsWithoutAdIdSupport in Frameworks */,
				2A6A04382C0F9BBB001BC675 /* FirebaseVertexAI-Preview in Frameworks */,
				2AFD1D4C2C0D065300C5EAC8 /* FirebaseMLModelDownloader in Frameworks */,
				2AB25AC82C0E5C1300DAEDC7 /* FirebaseAnalyticsOnDeviceConversion in Frameworks */,
				2A6A04082C0F9BBB001BC675 /* FirebaseAnalyticsWithoutAdIdSupport in Frameworks */,
				2AFD1D402C0D065300C5EAC8 /* FirebaseFirestoreSwift in Frameworks */,
				2A6A041E2C0F9BBB001BC675 /* FirebaseFirestoreSwift in Frameworks */,
				2AFD1D2A2C0D065300C5EAC8 /* FirebaseAnalyticsWithoutAdIdSupport in Frameworks */,
				2AFD1D302C0D065300C5EAC8 /* FirebaseAuth in Frameworks */,
				2AFD1D342C0D065300C5EAC8 /* FirebaseCrashlytics in Frameworks */,
				2A6A04042C0F9BBB001BC675 /* FirebaseAnalyticsOnDeviceConversion in Frameworks */,
				2AFD1D542C0D065300C5EAC8 /* FirebaseRemoteConfigSwift in Frameworks */,
				2AFD1D462C0D065300C5EAC8 /* FirebaseInAppMessaging-Beta in Frameworks */,
				2AFD1D382C0D065300C5EAC8 /* FirebaseDatabaseSwift in Frameworks */,
				2A6A04262C0F9BBB001BC675 /* FirebaseInAppMessagingSwift-Beta in Frameworks */,
				2AFD1D422C0D065300C5EAC8 /* FirebaseFunctions in Frameworks */,
				2AFD1D582C0D065300C5EAC8 /* FirebaseStorageCombine-Community in Frameworks */,
				2AFD1D522C0D065300C5EAC8 /* FirebaseRemoteConfig in Frameworks */,
				2AFD1D2E2C0D065300C5EAC8 /* FirebaseAppDistribution-Beta in Frameworks */,
				2A6A041C2C0F9BBB001BC675 /* FirebaseFirestoreCombine-Community in Frameworks */,
				2AFD1D322C0D065300C5EAC8 /* FirebaseAuthCombine-Community in Frameworks */,
				2A6A042C2C0F9BBB001BC675 /* FirebaseMessaging in Frameworks */,
				2A6A040C2C0F9BBB001BC675 /* FirebaseAppDistribution-Beta in Frameworks */,
				2AFD1D502C0D065300C5EAC8 /* FirebasePerformance in Frameworks */,
				2A6A040E2C0F9BBB001BC675 /* FirebaseAuth in Frameworks */,
				2AFD1D482C0D065300C5EAC8 /* FirebaseInAppMessagingSwift-Beta in Frameworks */,
				2A6A04302C0F9BBB001BC675 /* FirebaseRemoteConfig in Frameworks */,
				2AFD1D562C0D065300C5EAC8 /* FirebaseStorage in Frameworks */,
				2AFD1D3A2C0D065300C5EAC8 /* FirebaseDynamicLinks in Frameworks */,
				2AFD1D5A2C0D065300C5EAC8 /* FirebaseVertexAI-Preview in Frameworks */,
				2AFD1D3E2C0D065300C5EAC8 /* FirebaseFirestoreCombine-Community in Frameworks */,
				2A6A04322C0F9BBB001BC675 /* FirebaseRemoteConfigSwift in Frameworks */,
				2AFD1D4E2C0D065300C5EAC8 /* FirebaseMessaging in Frameworks */,
				2A6A042A2C0F9BBB001BC675 /* FirebaseMLModelDownloader in Frameworks */,
				2AB25AC62C0E5C1300DAEDC7 /* FirebaseAnalytics in Frameworks */,
				2AFD1D4A2C0D065300C5EAC8 /* FirebaseInstallations in Frameworks */,
			);
			runOnlyForDeploymentPostprocessing = 0;
		};
/* End PBXFrameworksBuildPhase section */

/* Begin PBXGroup section */
		2AFD1D062C0D056F00C5EAC8 = {
			isa = PBXGroup;
			children = (
				2AFD1D112C0D056F00C5EAC8 /* demoHeadline */,
				2AFD1D102C0D056F00C5EAC8 /* Products */,
			);
			sourceTree = "<group>";
		};
		2AFD1D102C0D056F00C5EAC8 /* Products */ = {
			isa = PBXGroup;
			children = (
				2AFD1D0F2C0D056F00C5EAC8 /* demoHeadline.app */,
			);
			name = Products;
			sourceTree = "<group>";
		};
		2AFD1D112C0D056F00C5EAC8 /* demoHeadline */ = {
			isa = PBXGroup;
			children = (
				2AFD1D122C0D056F00C5EAC8 /* demoHeadlineApp.swift */,
				2AFD1D612C0D074C00C5EAC8 /* SplashScreen.swift */,
				2AFD1D5B2C0D06EB00C5EAC8 /* HomeScreen.swift */,
				2AFD1D632C0D076800C5EAC8 /* SignInScreen.swift */,
				2AFD1D652C0D078600C5EAC8 /* SignUpScreen.swift */,
				2AFD1D5F2C0D072E00C5EAC8 /* ForgotPasswordScreen.swift */,
				2AB25AC32C0E550600DAEDC7 /* NavigationRouter.swift */,
				2A6A03FD2C0F961A001BC675 /* SignButton.swift */,
				2AFD1D672C0D0A4700C5EAC8 /* AuthVM.swift */,
				2AFD1D5D2C0D070C00C5EAC8 /* PrivacyScreen.swift */,
				2AFD1D162C0D057100C5EAC8 /* Assets.xcassets */,
				2A6A03FF2C0F9B68001BC675 /* GoogleService-Info.plist */,
				2AFD1D182C0D057100C5EAC8 /* Preview Content */,
			);
			path = demoHeadline;
			sourceTree = "<group>";
		};
		2AFD1D182C0D057100C5EAC8 /* Preview Content */ = {
			isa = PBXGroup;
			children = (
				2AFD1D192C0D057100C5EAC8 /* Preview Assets.xcassets */,
			);
			path = "Preview Content";
			sourceTree = "<group>";
		};
/* End PBXGroup section */

/* Begin PBXNativeTarget section */
		2AFD1D0E2C0D056F00C5EAC8 /* demoHeadline */ = {
			isa = PBXNativeTarget;
			buildConfigurationList = 2AFD1D1D2C0D057100C5EAC8 /* Build configuration list for PBXNativeTarget "demoHeadline" */;
			buildPhases = (
				2AFD1D0B2C0D056F00C5EAC8 /* Sources */,
				2AFD1D0C2C0D056F00C5EAC8 /* Frameworks */,
				2AFD1D0D2C0D056F00C5EAC8 /* Resources */,
			);
			buildRules = (
			);
			dependencies = (
			);
			name = demoHeadline;
			packageProductDependencies = (
				2AFD1D232C0D065300C5EAC8 /* FirebaseAnalytics */,
				2AFD1D252C0D065300C5EAC8 /* FirebaseAnalyticsOnDeviceConversion */,
				2AFD1D272C0D065300C5EAC8 /* FirebaseAnalyticsSwift */,
				2AFD1D292C0D065300C5EAC8 /* FirebaseAnalyticsWithoutAdIdSupport */,
				2AFD1D2D2C0D065300C5EAC8 /* FirebaseAppDistribution-Beta */,
				2AFD1D2F2C0D065300C5EAC8 /* FirebaseAuth */,
				2AFD1D312C0D065300C5EAC8 /* FirebaseAuthCombine-Community */,
				2AFD1D332C0D065300C5EAC8 /* FirebaseCrashlytics */,
				2AFD1D352C0D065300C5EAC8 /* FirebaseDatabase */,
				2AFD1D372C0D065300C5EAC8 /* FirebaseDatabaseSwift */,
				2AFD1D392C0D065300C5EAC8 /* FirebaseDynamicLinks */,
				2AFD1D3B2C0D065300C5EAC8 /* FirebaseFirestore */,
				2AFD1D3D2C0D065300C5EAC8 /* FirebaseFirestoreCombine-Community */,
				2AFD1D3F2C0D065300C5EAC8 /* FirebaseFirestoreSwift */,
				2AFD1D412C0D065300C5EAC8 /* FirebaseFunctions */,
				2AFD1D432C0D065300C5EAC8 /* FirebaseFunctionsCombine-Community */,
				2AFD1D452C0D065300C5EAC8 /* FirebaseInAppMessaging-Beta */,
				2AFD1D472C0D065300C5EAC8 /* FirebaseInAppMessagingSwift-Beta */,
				2AFD1D492C0D065300C5EAC8 /* FirebaseInstallations */,
				2AFD1D4B2C0D065300C5EAC8 /* FirebaseMLModelDownloader */,
				2AFD1D4D2C0D065300C5EAC8 /* FirebaseMessaging */,
				2AFD1D4F2C0D065300C5EAC8 /* FirebasePerformance */,
				2AFD1D512C0D065300C5EAC8 /* FirebaseRemoteConfig */,
				2AFD1D532C0D065300C5EAC8 /* FirebaseRemoteConfigSwift */,
				2AFD1D552C0D065300C5EAC8 /* FirebaseStorage */,
				2AFD1D572C0D065300C5EAC8 /* FirebaseStorageCombine-Community */,
				2AFD1D592C0D065300C5EAC8 /* FirebaseVertexAI-Preview */,
				2AB25AC52C0E5C1300DAEDC7 /* FirebaseAnalytics */,
				2AB25AC72C0E5C1300DAEDC7 /* FirebaseAnalyticsOnDeviceConversion */,
				2AB25AC92C0E5C1300DAEDC7 /* FirebaseAnalyticsSwift */,
				2AB25ACB2C0E5C1300DAEDC7 /* FirebaseAnalyticsWithoutAdIdSupport */,
				2AB25ACD2C0E5C1300DAEDC7 /* FirebaseAuth */,
				2AB25ACF2C0E5C1300DAEDC7 /* FirebaseAuthCombine-Community */,
				2A6A04012C0F9BBB001BC675 /* FirebaseAnalytics */,
				2A6A04032C0F9BBB001BC675 /* FirebaseAnalyticsOnDeviceConversion */,
				2A6A04052C0F9BBB001BC675 /* FirebaseAnalyticsSwift */,
				2A6A04072C0F9BBB001BC675 /* FirebaseAnalyticsWithoutAdIdSupport */,
				2A6A04092C0F9BBB001BC675 /* FirebaseAppCheck */,
				2A6A040B2C0F9BBB001BC675 /* FirebaseAppDistribution-Beta */,
				2A6A040D2C0F9BBB001BC675 /* FirebaseAuth */,
				2A6A040F2C0F9BBB001BC675 /* FirebaseAuthCombine-Community */,
				2A6A04112C0F9BBB001BC675 /* FirebaseCrashlytics */,
				2A6A04132C0F9BBB001BC675 /* FirebaseDatabase */,
				2A6A04152C0F9BBB001BC675 /* FirebaseDatabaseSwift */,
				2A6A04172C0F9BBB001BC675 /* FirebaseDynamicLinks */,
				2A6A04192C0F9BBB001BC675 /* FirebaseFirestore */,
				2A6A041B2C0F9BBB001BC675 /* FirebaseFirestoreCombine-Community */,
				2A6A041D2C0F9BBB001BC675 /* FirebaseFirestoreSwift */,
				2A6A041F2C0F9BBB001BC675 /* FirebaseFunctions */,
				2A6A04212C0F9BBB001BC675 /* FirebaseFunctionsCombine-Community */,
				2A6A04232C0F9BBB001BC675 /* FirebaseInAppMessaging-Beta */,
				2A6A04252C0F9BBB001BC675 /* FirebaseInAppMessagingSwift-Beta */,
				2A6A04272C0F9BBB001BC675 /* FirebaseInstallations */,
				2A6A04292C0F9BBB001BC675 /* FirebaseMLModelDownloader */,
				2A6A042B2C0F9BBB001BC675 /* FirebaseMessaging */,
				2A6A042D2C0F9BBB001BC675 /* FirebasePerformance */,
				2A6A042F2C0F9BBB001BC675 /* FirebaseRemoteConfig */,
				2A6A04312C0F9BBB001BC675 /* FirebaseRemoteConfigSwift */,
				2A6A04332C0F9BBB001BC675 /* FirebaseStorage */,
				2A6A04352C0F9BBB001BC675 /* FirebaseStorageCombine-Community */,
				2A6A04372C0F9BBB001BC675 /* FirebaseVertexAI-Preview */,
			);
			productName = demoHeadline;
			productReference = 2AFD1D0F2C0D056F00C5EAC8 /* demoHeadline.app */;
			productType = "com.apple.product-type.application";
		};
/* End PBXNativeTarget section */

/* Begin PBXProject section */
		2AFD1D072C0D056F00C5EAC8 /* Project object */ = {
			isa = PBXProject;
			attributes = {
				BuildIndependentTargetsInParallel = 1;
				LastSwiftUpdateCheck = 1520;
				LastUpgradeCheck = 1520;
				TargetAttributes = {
					2AFD1D0E2C0D056F00C5EAC8 = {
						CreatedOnToolsVersion = 15.2;
					};
				};
			};
			buildConfigurationList = 2AFD1D0A2C0D056F00C5EAC8 /* Build configuration list for PBXProject "demoHeadline" */;
			compatibilityVersion = "Xcode 14.0";
			developmentRegion = en;
			hasScannedForEncodings = 0;
			knownRegions = (
				en,
				Base,
			);
			mainGroup = 2AFD1D062C0D056F00C5EAC8;
			packageReferences = (
				2AFD1D222C0D065300C5EAC8 /* XCRemoteSwiftPackageReference "firebase-ios-sdk" */,
			);
			productRefGroup = 2AFD1D102C0D056F00C5EAC8 /* Products */;
			projectDirPath = "";
			projectRoot = "";
			targets = (
				2AFD1D0E2C0D056F00C5EAC8 /* demoHeadline */,
			);
		};
/* End PBXProject section */

/* Begin PBXResourcesBuildPhase section */
		2AFD1D0D2C0D056F00C5EAC8 /* Resources */ = {
			isa = PBXResourcesBuildPhase;
			buildActionMask = 2147483647;
			files = (
				2AFD1D1A2C0D057100C5EAC8 /* Preview Assets.xcassets in Resources */,
				2AFD1D172C0D057100C5EAC8 /* Assets.xcassets in Resources */,
				2A6A04002C0F9B68001BC675 /* GoogleService-Info.plist in Resources */,
			);
			runOnlyForDeploymentPostprocessing = 0;
		};
/* End PBXResourcesBuildPhase section */

/* Begin PBXSourcesBuildPhase section */
		2AFD1D0B2C0D056F00C5EAC8 /* Sources */ = {
			isa = PBXSourcesBuildPhase;
			buildActionMask = 2147483647;
			files = (
				2A6A03FE2C0F961A001BC675 /* SignButton.swift in Sources */,
				2AFD1D622C0D074C00C5EAC8 /* SplashScreen.swift in Sources */,
				2AFD1D5E2C0D070C00C5EAC8 /* PrivacyScreen.swift in Sources */,
				2AFD1D602C0D072E00C5EAC8 /* ForgotPasswordScreen.swift in Sources */,
				2AFD1D662C0D078600C5EAC8 /* SignUpScreen.swift in Sources */,
				2AFD1D682C0D0A4700C5EAC8 /* AuthVM.swift in Sources */,
				2AFD1D642C0D076800C5EAC8 /* SignInScreen.swift in Sources */,
				2AFD1D132C0D056F00C5EAC8 /* demoHeadlineApp.swift in Sources */,
				2AFD1D5C2C0D06EB00C5EAC8 /* HomeScreen.swift in Sources */,
				2AB25AC42C0E550600DAEDC7 /* NavigationRouter.swift in Sources */,
			);
			runOnlyForDeploymentPostprocessing = 0;
		};
/* End PBXSourcesBuildPhase section */

/* Begin XCBuildConfiguration section */
		2AFD1D1B2C0D057100C5EAC8 /* Debug */ = {
			isa = XCBuildConfiguration;
			buildSettings = {
				ALWAYS_SEARCH_USER_PATHS = NO;
				ASSETCATALOG_COMPILER_GENERATE_SWIFT_ASSET_SYMBOL_EXTENSIONS = YES;
				CLANG_ANALYZER_NONNULL = YES;
				CLANG_ANALYZER_NUMBER_OBJECT_CONVERSION = YES_AGGRESSIVE;
				CLANG_CXX_LANGUAGE_STANDARD = "gnu++20";
				CLANG_ENABLE_MODULES = YES;
				CLANG_ENABLE_OBJC_ARC = YES;
				CLANG_ENABLE_OBJC_WEAK = YES;
				CLANG_WARN_BLOCK_CAPTURE_AUTORELEASING = YES;
				CLANG_WARN_BOOL_CONVERSION = YES;
				CLANG_WARN_COMMA = YES;
				CLANG_WARN_CONSTANT_CONVERSION = YES;
				CLANG_WARN_DEPRECATED_OBJC_IMPLEMENTATIONS = YES;
				CLANG_WARN_DIRECT_OBJC_ISA_USAGE = YES_ERROR;
				CLANG_WARN_DOCUMENTATION_COMMENTS = YES;
				CLANG_WARN_EMPTY_BODY = YES;
				CLANG_WARN_ENUM_CONVERSION = YES;
				CLANG_WARN_INFINITE_RECURSION = YES;
				CLANG_WARN_INT_CONVERSION = YES;
				CLANG_WARN_NON_LITERAL_NULL_CONVERSION = YES;
				CLANG_WARN_OBJC_IMPLICIT_RETAIN_SELF = YES;
				CLANG_WARN_OBJC_LITERAL_CONVERSION = YES;
				CLANG_WARN_OBJC_ROOT_CLASS = YES_ERROR;
				CLANG_WARN_QUOTED_INCLUDE_IN_FRAMEWORK_HEADER = YES;
				CLANG_WARN_RANGE_LOOP_ANALYSIS = YES;
				CLANG_WARN_STRICT_PROTOTYPES = YES;
				CLANG_WARN_SUSPICIOUS_MOVE = YES;
				CLANG_WARN_UNGUARDED_AVAILABILITY = YES_AGGRESSIVE;
				CLANG_WARN_UNREACHABLE_CODE = YES;
				CLANG_WARN__DUPLICATE_METHOD_MATCH = YES;
				COPY_PHASE_STRIP = NO;
				DEBUG_INFORMATION_FORMAT = dwarf;
				ENABLE_STRICT_OBJC_MSGSEND = YES;
				ENABLE_TESTABILITY = YES;
				ENABLE_USER_SCRIPT_SANDBOXING = YES;
				GCC_C_LANGUAGE_STANDARD = gnu17;
				GCC_DYNAMIC_NO_PIC = NO;
				GCC_NO_COMMON_BLOCKS = YES;
				GCC_OPTIMIZATION_LEVEL = 0;
				GCC_PREPROCESSOR_DEFINITIONS = (
					"DEBUG=1",
					"$(inherited)",
				);
				GCC_WARN_64_TO_32_BIT_CONVERSION = YES;
				GCC_WARN_ABOUT_RETURN_TYPE = YES_ERROR;
				GCC_WARN_UNDECLARED_SELECTOR = YES;
				GCC_WARN_UNINITIALIZED_AUTOS = YES_AGGRESSIVE;
				GCC_WARN_UNUSED_FUNCTION = YES;
				GCC_WARN_UNUSED_VARIABLE = YES;
				IPHONEOS_DEPLOYMENT_TARGET = 17.2;
				LOCALIZATION_PREFERS_STRING_CATALOGS = YES;
				MTL_ENABLE_DEBUG_INFO = INCLUDE_SOURCE;
				MTL_FAST_MATH = YES;
				ONLY_ACTIVE_ARCH = YES;
				SDKROOT = iphoneos;
				SWIFT_ACTIVE_COMPILATION_CONDITIONS = "DEBUG $(inherited)";
				SWIFT_OPTIMIZATION_LEVEL = "-Onone";
			};
			name = Debug;
		};
		2AFD1D1C2C0D057100C5EAC8 /* Release */ = {
			isa = XCBuildConfiguration;
			buildSettings = {
				ALWAYS_SEARCH_USER_PATHS = NO;
				ASSETCATALOG_COMPILER_GENERATE_SWIFT_ASSET_SYMBOL_EXTENSIONS = YES;
				CLANG_ANALYZER_NONNULL = YES;
				CLANG_ANALYZER_NUMBER_OBJECT_CONVERSION = YES_AGGRESSIVE;
				CLANG_CXX_LANGUAGE_STANDARD = "gnu++20";
				CLANG_ENABLE_MODULES = YES;
				CLANG_ENABLE_OBJC_ARC = YES;
				CLANG_ENABLE_OBJC_WEAK = YES;
				CLANG_WARN_BLOCK_CAPTURE_AUTORELEASING = YES;
				CLANG_WARN_BOOL_CONVERSION = YES;
				CLANG_WARN_COMMA = YES;
				CLANG_WARN_CONSTANT_CONVERSION = YES;
				CLANG_WARN_DEPRECATED_OBJC_IMPLEMENTATIONS = YES;
				CLANG_WARN_DIRECT_OBJC_ISA_USAGE = YES_ERROR;
				CLANG_WARN_DOCUMENTATION_COMMENTS = YES;
				CLANG_WARN_EMPTY_BODY = YES;
				CLANG_WARN_ENUM_CONVERSION = YES;
				CLANG_WARN_INFINITE_RECURSION = YES;
				CLANG_WARN_INT_CONVERSION = YES;
				CLANG_WARN_NON_LITERAL_NULL_CONVERSION = YES;
				CLANG_WARN_OBJC_IMPLICIT_RETAIN_SELF = YES;
				CLANG_WARN_OBJC_LITERAL_CONVERSION = YES;
				CLANG_WARN_OBJC_ROOT_CLASS = YES_ERROR;
				CLANG_WARN_QUOTED_INCLUDE_IN_FRAMEWORK_HEADER = YES;
				CLANG_WARN_RANGE_LOOP_ANALYSIS = YES;
				CLANG_WARN_STRICT_PROTOTYPES = YES;
				CLANG_WARN_SUSPICIOUS_MOVE = YES;
				CLANG_WARN_UNGUARDED_AVAILABILITY = YES_AGGRESSIVE;
				CLANG_WARN_UNREACHABLE_CODE = YES;
				CLANG_WARN__DUPLICATE_METHOD_MATCH = YES;
				COPY_PHASE_STRIP = NO;
				DEBUG_INFORMATION_FORMAT = "dwarf-with-dsym";
				ENABLE_NS_ASSERTIONS = NO;
				ENABLE_STRICT_OBJC_MSGSEND = YES;
				ENABLE_USER_SCRIPT_SANDBOXING = YES;
				GCC_C_LANGUAGE_STANDARD = gnu17;
				GCC_NO_COMMON_BLOCKS = YES;
				GCC_WARN_64_TO_32_BIT_CONVERSION = YES;
				GCC_WARN_ABOUT_RETURN_TYPE = YES_ERROR;
				GCC_WARN_UNDECLARED_SELECTOR = YES;
				GCC_WARN_UNINITIALIZED_AUTOS = YES_AGGRESSIVE;
				GCC_WARN_UNUSED_FUNCTION = YES;
				GCC_WARN_UNUSED_VARIABLE = YES;
				IPHONEOS_DEPLOYMENT_TARGET = 17.2;
				LOCALIZATION_PREFERS_STRING_CATALOGS = YES;
				MTL_ENABLE_DEBUG_INFO = NO;
				MTL_FAST_MATH = YES;
				SDKROOT = iphoneos;
				SWIFT_COMPILATION_MODE = wholemodule;
				VALIDATE_PRODUCT = YES;
			};
			name = Release;
		};
		2AFD1D1E2C0D057100C5EAC8 /* Debug */ = {
			isa = XCBuildConfiguration;
			buildSettings = {
				ASSETCATALOG_COMPILER_APPICON_NAME = AppIcon;
				ASSETCATALOG_COMPILER_GLOBAL_ACCENT_COLOR_NAME = AccentColor;
				CODE_SIGN_STYLE = Automatic;
				CURRENT_PROJECT_VERSION = 1;
				DEVELOPMENT_ASSET_PATHS = "\"demoHeadline/Preview Content\"";
				DEVELOPMENT_TEAM = 7328NRHXBW;
				ENABLE_PREVIEWS = YES;
				GENERATE_INFOPLIST_FILE = YES;
				INFOPLIST_KEY_UIApplicationSceneManifest_Generation = YES;
				INFOPLIST_KEY_UIApplicationSupportsIndirectInputEvents = YES;
				INFOPLIST_KEY_UILaunchScreen_Generation = YES;
				INFOPLIST_KEY_UISupportedInterfaceOrientations_iPad = "UIInterfaceOrientationPortrait UIInterfaceOrientationPortraitUpsideDown UIInterfaceOrientationLandscapeLeft UIInterfaceOrientationLandscapeRight";
				INFOPLIST_KEY_UISupportedInterfaceOrientations_iPhone = "UIInterfaceOrientationPortrait UIInterfaceOrientationLandscapeLeft UIInterfaceOrientationLandscapeRight";
				IPHONEOS_DEPLOYMENT_TARGET = 16.0;
				LD_RUNPATH_SEARCH_PATHS = (
					"$(inherited)",
					"@executable_path/Frameworks",
				);
				MARKETING_VERSION = 1.0;
				PRODUCT_BUNDLE_IDENTIFIER = leksovich.demoHeadline;
				PRODUCT_NAME = "$(TARGET_NAME)";
				SWIFT_EMIT_LOC_STRINGS = YES;
				SWIFT_VERSION = 5.0;
				TARGETED_DEVICE_FAMILY = "1,2";
			};
			name = Debug;
		};
		2AFD1D1F2C0D057100C5EAC8 /* Release */ = {
			isa = XCBuildConfiguration;
			buildSettings = {
				ASSETCATALOG_COMPILER_APPICON_NAME = AppIcon;
				ASSETCATALOG_COMPILER_GLOBAL_ACCENT_COLOR_NAME = AccentColor;
				CODE_SIGN_STYLE = Automatic;
				CURRENT_PROJECT_VERSION = 1;
				DEVELOPMENT_ASSET_PATHS = "\"demoHeadline/Preview Content\"";
				DEVELOPMENT_TEAM = 7328NRHXBW;
				ENABLE_PREVIEWS = YES;
				GENERATE_INFOPLIST_FILE = YES;
				INFOPLIST_KEY_UIApplicationSceneManifest_Generation = YES;
				INFOPLIST_KEY_UIApplicationSupportsIndirectInputEvents = YES;
				INFOPLIST_KEY_UILaunchScreen_Generation = YES;
				INFOPLIST_KEY_UISupportedInterfaceOrientations_iPad = "UIInterfaceOrientationPortrait UIInterfaceOrientationPortraitUpsideDown UIInterfaceOrientationLandscapeLeft UIInterfaceOrientationLandscapeRight";
				INFOPLIST_KEY_UISupportedInterfaceOrientations_iPhone = "UIInterfaceOrientationPortrait UIInterfaceOrientationLandscapeLeft UIInterfaceOrientationLandscapeRight";
				IPHONEOS_DEPLOYMENT_TARGET = 16.0;
				LD_RUNPATH_SEARCH_PATHS = (
					"$(inherited)",
					"@executable_path/Frameworks",
				);
				MARKETING_VERSION = 1.0;
				PRODUCT_BUNDLE_IDENTIFIER = leksovich.demoHeadline;
				PRODUCT_NAME = "$(TARGET_NAME)";
				SWIFT_EMIT_LOC_STRINGS = YES;
				SWIFT_VERSION = 5.0;
				TARGETED_DEVICE_FAMILY = "1,2";
			};
			name = Release;
		};
/* End XCBuildConfiguration section */

/* Begin XCConfigurationList section */
		2AFD1D0A2C0D056F00C5EAC8 /* Build configuration list for PBXProject "demoHeadline" */ = {
			isa = XCConfigurationList;
			buildConfigurations = (
				2AFD1D1B2C0D057100C5EAC8 /* Debug */,
				2AFD1D1C2C0D057100C5EAC8 /* Release */,
			);
			defaultConfigurationIsVisible = 0;
			defaultConfigurationName = Release;
		};
		2AFD1D1D2C0D057100C5EAC8 /* Build configuration list for PBXNativeTarget "demoHeadline" */ = {
			isa = XCConfigurationList;
			buildConfigurations = (
				2AFD1D1E2C0D057100C5EAC8 /* Debug */,
				2AFD1D1F2C0D057100C5EAC8 /* Release */,
			);
			defaultConfigurationIsVisible = 0;
			defaultConfigurationName = Release;
		};
/* End XCConfigurationList section */

/* Begin XCRemoteSwiftPackageReference section */
		2AFD1D222C0D065300C5EAC8 /* XCRemoteSwiftPackageReference "firebase-ios-sdk" */ = {
			isa = XCRemoteSwiftPackageReference;
			repositoryURL = "https://github.com/firebase/firebase-ios-sdk.git";
			requirement = {
				kind = upToNextMajorVersion;
				minimumVersion = 10.27.0;
			};
		};
/* End XCRemoteSwiftPackageReference section */

/* Begin XCSwiftPackageProductDependency section */
		2A6A04012C0F9BBB001BC675 /* FirebaseAnalytics */ = {
			isa = XCSwiftPackageProductDependency;
			package = 2AFD1D222C0D065300C5EAC8 /* XCRemoteSwiftPackageReference "firebase-ios-sdk" */;
			productName = FirebaseAnalytics;
		};
		2A6A04032C0F9BBB001BC675 /* FirebaseAnalyticsOnDeviceConversion */ = {
			isa = XCSwiftPackageProductDependency;
			package = 2AFD1D222C0D065300C5EAC8 /* XCRemoteSwiftPackageReference "firebase-ios-sdk" */;
			productName = FirebaseAnalyticsOnDeviceConversion;
		};
		2A6A04052C0F9BBB001BC675 /* FirebaseAnalyticsSwift */ = {
			isa = XCSwiftPackageProductDependency;
			package = 2AFD1D222C0D065300C5EAC8 /* XCRemoteSwiftPackageReference "firebase-ios-sdk" */;
			productName = FirebaseAnalyticsSwift;
		};
		2A6A04072C0F9BBB001BC675 /* FirebaseAnalyticsWithoutAdIdSupport */ = {
			isa = XCSwiftPackageProductDependency;
			package = 2AFD1D222C0D065300C5EAC8 /* XCRemoteSwiftPackageReference "firebase-ios-sdk" */;
			productName = FirebaseAnalyticsWithoutAdIdSupport;
		};
		2A6A04092C0F9BBB001BC675 /* FirebaseAppCheck */ = {
			isa = XCSwiftPackageProductDependency;
			package = 2AFD1D222C0D065300C5EAC8 /* XCRemoteSwiftPackageReference "firebase-ios-sdk" */;
			productName = FirebaseAppCheck;
		};
		2A6A040B2C0F9BBB001BC675 /* FirebaseAppDistribution-Beta */ = {
			isa = XCSwiftPackageProductDependency;
			package = 2AFD1D222C0D065300C5EAC8 /* XCRemoteSwiftPackageReference "firebase-ios-sdk" */;
			productName = "FirebaseAppDistribution-Beta";
		};
		2A6A040D2C0F9BBB001BC675 /* FirebaseAuth */ = {
			isa = XCSwiftPackageProductDependency;
			package = 2AFD1D222C0D065300C5EAC8 /* XCRemoteSwiftPackageReference "firebase-ios-sdk" */;
			productName = FirebaseAuth;
		};
		2A6A040F2C0F9BBB001BC675 /* FirebaseAuthCombine-Community */ = {
			isa = XCSwiftPackageProductDependency;
			package = 2AFD1D222C0D065300C5EAC8 /* XCRemoteSwiftPackageReference "firebase-ios-sdk" */;
			productName = "FirebaseAuthCombine-Community";
		};
		2A6A04112C0F9BBB001BC675 /* FirebaseCrashlytics */ = {
			isa = XCSwiftPackageProductDependency;
			package = 2AFD1D222C0D065300C5EAC8 /* XCRemoteSwiftPackageReference "firebase-ios-sdk" */;
			productName = FirebaseCrashlytics;
		};
		2A6A04132C0F9BBB001BC675 /* FirebaseDatabase */ = {
			isa = XCSwiftPackageProductDependency;
			package = 2AFD1D222C0D065300C5EAC8 /* XCRemoteSwiftPackageReference "firebase-ios-sdk" */;
			productName = FirebaseDatabase;
		};
		2A6A04152C0F9BBB001BC675 /* FirebaseDatabaseSwift */ = {
			isa = XCSwiftPackageProductDependency;
			package = 2AFD1D222C0D065300C5EAC8 /* XCRemoteSwiftPackageReference "firebase-ios-sdk" */;
			productName = FirebaseDatabaseSwift;
		};
		2A6A04172C0F9BBB001BC675 /* FirebaseDynamicLinks */ = {
			isa = XCSwiftPackageProductDependency;
			package = 2AFD1D222C0D065300C5EAC8 /* XCRemoteSwiftPackageReference "firebase-ios-sdk" */;
			productName = FirebaseDynamicLinks;
		};
		2A6A04192C0F9BBB001BC675 /* FirebaseFirestore */ = {
			isa = XCSwiftPackageProductDependency;
			package = 2AFD1D222C0D065300C5EAC8 /* XCRemoteSwiftPackageReference "firebase-ios-sdk" */;
			productName = FirebaseFirestore;
		};
		2A6A041B2C0F9BBB001BC675 /* FirebaseFirestoreCombine-Community */ = {
			isa = XCSwiftPackageProductDependency;
			package = 2AFD1D222C0D065300C5EAC8 /* XCRemoteSwiftPackageReference "firebase-ios-sdk" */;
			productName = "FirebaseFirestoreCombine-Community";
		};
		2A6A041D2C0F9BBB001BC675 /* FirebaseFirestoreSwift */ = {
			isa = XCSwiftPackageProductDependency;
			package = 2AFD1D222C0D065300C5EAC8 /* XCRemoteSwiftPackageReference "firebase-ios-sdk" */;
			productName = FirebaseFirestoreSwift;
		};
		2A6A041F2C0F9BBB001BC675 /* FirebaseFunctions */ = {
			isa = XCSwiftPackageProductDependency;
			package = 2AFD1D222C0D065300C5EAC8 /* XCRemoteSwiftPackageReference "firebase-ios-sdk" */;
			productName = FirebaseFunctions;
		};
		2A6A04212C0F9BBB001BC675 /* FirebaseFunctionsCombine-Community */ = {
			isa = XCSwiftPackageProductDependency;
			package = 2AFD1D222C0D065300C5EAC8 /* XCRemoteSwiftPackageReference "firebase-ios-sdk" */;
			productName = "FirebaseFunctionsCombine-Community";
		};
		2A6A04232C0F9BBB001BC675 /* FirebaseInAppMessaging-Beta */ = {
			isa = XCSwiftPackageProductDependency;
			package = 2AFD1D222C0D065300C5EAC8 /* XCRemoteSwiftPackageReference "firebase-ios-sdk" */;
			productName = "FirebaseInAppMessaging-Beta";
		};
		2A6A04252C0F9BBB001BC675 /* FirebaseInAppMessagingSwift-Beta */ = {
			isa = XCSwiftPackageProductDependency;
			package = 2AFD1D222C0D065300C5EAC8 /* XCRemoteSwiftPackageReference "firebase-ios-sdk" */;
			productName = "FirebaseInAppMessagingSwift-Beta";
		};
		2A6A04272C0F9BBB001BC675 /* FirebaseInstallations */ = {
			isa = XCSwiftPackageProductDependency;
			package = 2AFD1D222C0D065300C5EAC8 /* XCRemoteSwiftPackageReference "firebase-ios-sdk" */;
			productName = FirebaseInstallations;
		};
		2A6A04292C0F9BBB001BC675 /* FirebaseMLModelDownloader */ = {
			isa = XCSwiftPackageProductDependency;
			package = 2AFD1D222C0D065300C5EAC8 /* XCRemoteSwiftPackageReference "firebase-ios-sdk" */;
			productName = FirebaseMLModelDownloader;
		};
		2A6A042B2C0F9BBB001BC675 /* FirebaseMessaging */ = {
			isa = XCSwiftPackageProductDependency;
			package = 2AFD1D222C0D065300C5EAC8 /* XCRemoteSwiftPackageReference "firebase-ios-sdk" */;
			productName = FirebaseMessaging;
		};
		2A6A042D2C0F9BBB001BC675 /* FirebasePerformance */ = {
			isa = XCSwiftPackageProductDependency;
			package = 2AFD1D222C0D065300C5EAC8 /* XCRemoteSwiftPackageReference "firebase-ios-sdk" */;
			productName = FirebasePerformance;
		};
		2A6A042F2C0F9BBB001BC675 /* FirebaseRemoteConfig */ = {
			isa = XCSwiftPackageProductDependency;
			package = 2AFD1D222C0D065300C5EAC8 /* XCRemoteSwiftPackageReference "firebase-ios-sdk" */;
			productName = FirebaseRemoteConfig;
		};
		2A6A04312C0F9BBB001BC675 /* FirebaseRemoteConfigSwift */ = {
			isa = XCSwiftPackageProductDependency;
			package = 2AFD1D222C0D065300C5EAC8 /* XCRemoteSwiftPackageReference "firebase-ios-sdk" */;
			productName = FirebaseRemoteConfigSwift;
		};
		2A6A04332C0F9BBB001BC675 /* FirebaseStorage */ = {
			isa = XCSwiftPackageProductDependency;
			package = 2AFD1D222C0D065300C5EAC8 /* XCRemoteSwiftPackageReference "firebase-ios-sdk" */;
			productName = FirebaseStorage;
		};
		2A6A04352C0F9BBB001BC675 /* FirebaseStorageCombine-Community */ = {
			isa = XCSwiftPackageProductDependency;
			package = 2AFD1D222C0D065300C5EAC8 /* XCRemoteSwiftPackageReference "firebase-ios-sdk" */;
			productName = "FirebaseStorageCombine-Community";
		};
		2A6A04372C0F9BBB001BC675 /* FirebaseVertexAI-Preview */ = {
			isa = XCSwiftPackageProductDependency;
			package = 2AFD1D222C0D065300C5EAC8 /* XCRemoteSwiftPackageReference "firebase-ios-sdk" */;
			productName = "FirebaseVertexAI-Preview";
		};
		2AB25AC52C0E5C1300DAEDC7 /* FirebaseAnalytics */ = {
			isa = XCSwiftPackageProductDependency;
			package = 2AFD1D222C0D065300C5EAC8 /* XCRemoteSwiftPackageReference "firebase-ios-sdk" */;
			productName = FirebaseAnalytics;
		};
		2AB25AC72C0E5C1300DAEDC7 /* FirebaseAnalyticsOnDeviceConversion */ = {
			isa = XCSwiftPackageProductDependency;
			package = 2AFD1D222C0D065300C5EAC8 /* XCRemoteSwiftPackageReference "firebase-ios-sdk" */;
			productName = FirebaseAnalyticsOnDeviceConversion;
		};
		2AB25AC92C0E5C1300DAEDC7 /* FirebaseAnalyticsSwift */ = {
			isa = XCSwiftPackageProductDependency;
			package = 2AFD1D222C0D065300C5EAC8 /* XCRemoteSwiftPackageReference "firebase-ios-sdk" */;
			productName = FirebaseAnalyticsSwift;
		};
		2AB25ACB2C0E5C1300DAEDC7 /* FirebaseAnalyticsWithoutAdIdSupport */ = {
			isa = XCSwiftPackageProductDependency;
			package = 2AFD1D222C0D065300C5EAC8 /* XCRemoteSwiftPackageReference "firebase-ios-sdk" */;
			productName = FirebaseAnalyticsWithoutAdIdSupport;
		};
		2AB25ACD2C0E5C1300DAEDC7 /* FirebaseAuth */ = {
			isa = XCSwiftPackageProductDependency;
			package = 2AFD1D222C0D065300C5EAC8 /* XCRemoteSwiftPackageReference "firebase-ios-sdk" */;
			productName = FirebaseAuth;
		};
		2AB25ACF2C0E5C1300DAEDC7 /* FirebaseAuthCombine-Community */ = {
			isa = XCSwiftPackageProductDependency;
			package = 2AFD1D222C0D065300C5EAC8 /* XCRemoteSwiftPackageReference "firebase-ios-sdk" */;
			productName = "FirebaseAuthCombine-Community";
		};
		2AFD1D232C0D065300C5EAC8 /* FirebaseAnalytics */ = {
			isa = XCSwiftPackageProductDependency;
			package = 2AFD1D222C0D065300C5EAC8 /* XCRemoteSwiftPackageReference "firebase-ios-sdk" */;
			productName = FirebaseAnalytics;
		};
		2AFD1D252C0D065300C5EAC8 /* FirebaseAnalyticsOnDeviceConversion */ = {
			isa = XCSwiftPackageProductDependency;
			package = 2AFD1D222C0D065300C5EAC8 /* XCRemoteSwiftPackageReference "firebase-ios-sdk" */;
			productName = FirebaseAnalyticsOnDeviceConversion;
		};
		2AFD1D272C0D065300C5EAC8 /* FirebaseAnalyticsSwift */ = {
			isa = XCSwiftPackageProductDependency;
			package = 2AFD1D222C0D065300C5EAC8 /* XCRemoteSwiftPackageReference "firebase-ios-sdk" */;
			productName = FirebaseAnalyticsSwift;
		};
		2AFD1D292C0D065300C5EAC8 /* FirebaseAnalyticsWithoutAdIdSupport */ = {
			isa = XCSwiftPackageProductDependency;
			package = 2AFD1D222C0D065300C5EAC8 /* XCRemoteSwiftPackageReference "firebase-ios-sdk" */;
			productName = FirebaseAnalyticsWithoutAdIdSupport;
		};
		2AFD1D2D2C0D065300C5EAC8 /* FirebaseAppDistribution-Beta */ = {
			isa = XCSwiftPackageProductDependency;
			package = 2AFD1D222C0D065300C5EAC8 /* XCRemoteSwiftPackageReference "firebase-ios-sdk" */;
			productName = "FirebaseAppDistribution-Beta";
		};
		2AFD1D2F2C0D065300C5EAC8 /* FirebaseAuth */ = {
			isa = XCSwiftPackageProductDependency;
			package = 2AFD1D222C0D065300C5EAC8 /* XCRemoteSwiftPackageReference "firebase-ios-sdk" */;
			productName = FirebaseAuth;
		};
		2AFD1D312C0D065300C5EAC8 /* FirebaseAuthCombine-Community */ = {
			isa = XCSwiftPackageProductDependency;
			package = 2AFD1D222C0D065300C5EAC8 /* XCRemoteSwiftPackageReference "firebase-ios-sdk" */;
			productName = "FirebaseAuthCombine-Community";
		};
		2AFD1D332C0D065300C5EAC8 /* FirebaseCrashlytics */ = {
			isa = XCSwiftPackageProductDependency;
			package = 2AFD1D222C0D065300C5EAC8 /* XCRemoteSwiftPackageReference "firebase-ios-sdk" */;
			productName = FirebaseCrashlytics;
		};
		2AFD1D352C0D065300C5EAC8 /* FirebaseDatabase */ = {
			isa = XCSwiftPackageProductDependency;
			package = 2AFD1D222C0D065300C5EAC8 /* XCRemoteSwiftPackageReference "firebase-ios-sdk" */;
			productName = FirebaseDatabase;
		};
		2AFD1D372C0D065300C5EAC8 /* FirebaseDatabaseSwift */ = {
			isa = XCSwiftPackageProductDependency;
			package = 2AFD1D222C0D065300C5EAC8 /* XCRemoteSwiftPackageReference "firebase-ios-sdk" */;
			productName = FirebaseDatabaseSwift;
		};
		2AFD1D392C0D065300C5EAC8 /* FirebaseDynamicLinks */ = {
			isa = XCSwiftPackageProductDependency;
			package = 2AFD1D222C0D065300C5EAC8 /* XCRemoteSwiftPackageReference "firebase-ios-sdk" */;
			productName = FirebaseDynamicLinks;
		};
		2AFD1D3B2C0D065300C5EAC8 /* FirebaseFirestore */ = {
			isa = XCSwiftPackageProductDependency;
			package = 2AFD1D222C0D065300C5EAC8 /* XCRemoteSwiftPackageReference "firebase-ios-sdk" */;
			productName = FirebaseFirestore;
		};
		2AFD1D3D2C0D065300C5EAC8 /* FirebaseFirestoreCombine-Community */ = {
			isa = XCSwiftPackageProductDependency;
			package = 2AFD1D222C0D065300C5EAC8 /* XCRemoteSwiftPackageReference "firebase-ios-sdk" */;
			productName = "FirebaseFirestoreCombine-Community";
		};
		2AFD1D3F2C0D065300C5EAC8 /* FirebaseFirestoreSwift */ = {
			isa = XCSwiftPackageProductDependency;
			package = 2AFD1D222C0D065300C5EAC8 /* XCRemoteSwiftPackageReference "firebase-ios-sdk" */;
			productName = FirebaseFirestoreSwift;
		};
		2AFD1D412C0D065300C5EAC8 /* FirebaseFunctions */ = {
			isa = XCSwiftPackageProductDependency;
			package = 2AFD1D222C0D065300C5EAC8 /* XCRemoteSwiftPackageReference "firebase-ios-sdk" */;
			productName = FirebaseFunctions;
		};
		2AFD1D432C0D065300C5EAC8 /* FirebaseFunctionsCombine-Community */ = {
			isa = XCSwiftPackageProductDependency;
			package = 2AFD1D222C0D065300C5EAC8 /* XCRemoteSwiftPackageReference "firebase-ios-sdk" */;
			productName = "FirebaseFunctionsCombine-Community";
		};
		2AFD1D452C0D065300C5EAC8 /* FirebaseInAppMessaging-Beta */ = {
			isa = XCSwiftPackageProductDependency;
			package = 2AFD1D222C0D065300C5EAC8 /* XCRemoteSwiftPackageReference "firebase-ios-sdk" */;
			productName = "FirebaseInAppMessaging-Beta";
		};
		2AFD1D472C0D065300C5EAC8 /* FirebaseInAppMessagingSwift-Beta */ = {
			isa = XCSwiftPackageProductDependency;
			package = 2AFD1D222C0D065300C5EAC8 /* XCRemoteSwiftPackageReference "firebase-ios-sdk" */;
			productName = "FirebaseInAppMessagingSwift-Beta";
		};
		2AFD1D492C0D065300C5EAC8 /* FirebaseInstallations */ = {
			isa = XCSwiftPackageProductDependency;
			package = 2AFD1D222C0D065300C5EAC8 /* XCRemoteSwiftPackageReference "firebase-ios-sdk" */;
			productName = FirebaseInstallations;
		};
		2AFD1D4B2C0D065300C5EAC8 /* FirebaseMLModelDownloader */ = {
			isa = XCSwiftPackageProductDependency;
			package = 2AFD1D222C0D065300C5EAC8 /* XCRemoteSwiftPackageReference "firebase-ios-sdk" */;
			productName = FirebaseMLModelDownloader;
		};
		2AFD1D4D2C0D065300C5EAC8 /* FirebaseMessaging */ = {
			isa = XCSwiftPackageProductDependency;
			package = 2AFD1D222C0D065300C5EAC8 /* XCRemoteSwiftPackageReference "firebase-ios-sdk" */;
			productName = FirebaseMessaging;
		};
		2AFD1D4F2C0D065300C5EAC8 /* FirebasePerformance */ = {
			isa = XCSwiftPackageProductDependency;
			package = 2AFD1D222C0D065300C5EAC8 /* XCRemoteSwiftPackageReference "firebase-ios-sdk" */;
			productName = FirebasePerformance;
		};
		2AFD1D512C0D065300C5EAC8 /* FirebaseRemoteConfig */ = {
			isa = XCSwiftPackageProductDependency;
			package = 2AFD1D222C0D065300C5EAC8 /* XCRemoteSwiftPackageReference "firebase-ios-sdk" */;
			productName = FirebaseRemoteConfig;
		};
		2AFD1D532C0D065300C5EAC8 /* FirebaseRemoteConfigSwift */ = {
			isa = XCSwiftPackageProductDependency;
			package = 2AFD1D222C0D065300C5EAC8 /* XCRemoteSwiftPackageReference "firebase-ios-sdk" */;
			productName = FirebaseRemoteConfigSwift;
		};
		2AFD1D552C0D065300C5EAC8 /* FirebaseStorage */ = {
			isa = XCSwiftPackageProductDependency;
			package = 2AFD1D222C0D065300C5EAC8 /* XCRemoteSwiftPackageReference "firebase-ios-sdk" */;
			productName = FirebaseStorage;
		};
		2AFD1D572C0D065300C5EAC8 /* FirebaseStorageCombine-Community */ = {
			isa = XCSwiftPackageProductDependency;
			package = 2AFD1D222C0D065300C5EAC8 /* XCRemoteSwiftPackageReference "firebase-ios-sdk" */;
			productName = "FirebaseStorageCombine-Community";
		};
		2AFD1D592C0D065300C5EAC8 /* FirebaseVertexAI-Preview */ = {
			isa = XCSwiftPackageProductDependency;
			package = 2AFD1D222C0D065300C5EAC8 /* XCRemoteSwiftPackageReference "firebase-ios-sdk" */;
			productName = "FirebaseVertexAI-Preview";
		};
/* End XCSwiftPackageProductDependency section */
	};
	rootObject = 2AFD1D072C0D056F00C5EAC8 /* Project object */;
}
